
Microsoft Visual Studio Solution File, Format Version 12.00
# Visual Studio 15
VisualStudioVersion = 15.0.27703.2026
MinimumVisualStudioVersion = 10.0.40219.1
Project("{FAE04EC0-301F-11D3-BF4B-00C04F79EFBC}") = "SmartSqlIAP.BLL", "SmartSqlIAP.BLL\SmartSqlIAP.BLL.csproj", "{D7469D16-32BF-4079-B99F-79A7F229C0D7}"
EndProject
Project("{FAE04EC0-301F-11D3-BF4B-00C04F79EFBC}") = "SmartSqlIAP.Web", "SmartSqlAP.Web\SmartSqlIAP.Web.csproj", "{B9DB3FA3-E647-4FFA-9687-09E2DEF26A0E}"
EndProject
Project("{FAE04EC0-301F-11D3-BF4B-00C04F79EFBC}") = "SmartSqlIAP.Common", "SmartSqlIAP.Common\SmartSqlIAP.Common.csproj", "{69502B17-B334-4EC4-8AAF-1A8E1D5E6262}"
EndProject
Global
	GlobalSection(SolutionConfigurationPlatforms) = preSolution
		Debug|Any CPU = Debug|Any CPU
		Release|Any CPU = Release|Any CPU
	EndGlobalSection
	GlobalSection(ProjectConfigurationPlatforms) = postSolution
		{D7469D16-32BF-4079-B99F-79A7F229C0D7}.Debug|Any CPU.ActiveCfg = Debug|Any CPU
		{D7469D16-32BF-4079-B99F-79A7F229C0D7}.Debug|Any CPU.Build.0 = Debug|Any CPU
		{D7469D16-32BF-4079-B99F-79A7F229C0D7}.Release|Any CPU.ActiveCfg = Release|Any CPU
		{D7469D16-32BF-4079-B99F-79A7F229C0D7}.Release|Any CPU.Build.0 = Release|Any CPU
		{B9DB3FA3-E647-4FFA-9687-09E2DEF26A0E}.Debug|Any CPU.ActiveCfg = Debug|Any CPU
		{B9DB3FA3-E647-4FFA-9687-09E2DEF26A0E}.Debug|Any CPU.Build.0 = Debug|Any CPU
		{B9DB3FA3-E647-4FFA-9687-09E2DEF26A0E}.Release|Any CPU.ActiveCfg = Release|Any CPU
		{B9DB3FA3-E647-4FFA-9687-09E2DEF26A0E}.Release|Any CPU.Build.0 = Release|Any CPU
		{69502B17-B334-4EC4-8AAF-1A8E1D5E6262}.Debug|Any CPU.ActiveCfg = Debug|Any CPU
		{69502B17-B334-4EC4-8AAF-1A8E1D5E6262}.Debug|Any CPU.Build.0 = Debug|Any CPU
		{69502B17-B334-4EC4-8AAF-1A8E1D5E6262}.Release|Any CPU.ActiveCfg = Release|Any CPU
		{69502B17-B334-4EC4-8AAF-1A8E1D5E6262}.Release|Any CPU.Build.0 = Release|Any CPU
	EndGlobalSection
	GlobalSection(SolutionProperties) = preSolution
		HideSolutionNode = FALSE
	EndGlobalSection
	GlobalSection(ExtensibilityGlobals) = postSolution
		SolutionGuid = {7AAE37AC-7B18-4879-90C5-E9CAB97BD151}
	EndGlobalSection
EndGlobal
